// !$*UTF8*$!
{
	archiveVersion = 1;
	classes = {
	};
	objectVersion = 56;
	objects = {

/* Begin PBXBuildFile section */
		7E39386D2A1D055C00818DE6 /* SoundViewController.swift in Sources */ = {isa = PBXBuildFile; fileRef = 7E39386C2A1D055C00818DE6 /* SoundViewController.swift */; };
		7E39386F2A1D0EC100818DE6 /* SoundCell.swift in Sources */ = {isa = PBXBuildFile; fileRef = 7E39386E2A1D0EC100818DE6 /* SoundCell.swift */; };
		7E3938712A1DF61500818DE6 /* AppearanceManager.swift in Sources */ = {isa = PBXBuildFile; fileRef = 7E3938702A1DF61500818DE6 /* AppearanceManager.swift */; };
		7E5D27732A1ACF3B00B933B1 /* JumpButton.swift in Sources */ = {isa = PBXBuildFile; fileRef = 7E5D27722A1ACF3B00B933B1 /* JumpButton.swift */; };
		7E9B52B82A26AA9E0016367C /* KGRedHands.ttf in Resources */ = {isa = PBXBuildFile; fileRef = 7E9B52B72A26AA9E0016367C /* KGRedHands.ttf */; };
		7EACE7042A1816F000499336 /* AppDelegate.swift in Sources */ = {isa = PBXBuildFile; fileRef = 7EACE7032A1816F000499336 /* AppDelegate.swift */; };
		7EACE7062A1816F000499336 /* SceneDelegate.swift in Sources */ = {isa = PBXBuildFile; fileRef = 7EACE7052A1816F000499336 /* SceneDelegate.swift */; };
		7EACE7082A1816F000499336 /* MainViewController.swift in Sources */ = {isa = PBXBuildFile; fileRef = 7EACE7072A1816F000499336 /* MainViewController.swift */; };
		7EACE70B2A1816F000499336 /* Main.storyboard in Resources */ = {isa = PBXBuildFile; fileRef = 7EACE7092A1816F000499336 /* Main.storyboard */; };
		7EACE70D2A1816F300499336 /* Assets.xcassets in Resources */ = {isa = PBXBuildFile; fileRef = 7EACE70C2A1816F300499336 /* Assets.xcassets */; };
		7EACE7102A1816F300499336 /* LaunchScreen.storyboard in Resources */ = {isa = PBXBuildFile; fileRef = 7EACE70E2A1816F300499336 /* LaunchScreen.storyboard */; };
		7EACE71D2A18317D00499336 /* SettingsViewController.swift in Sources */ = {isa = PBXBuildFile; fileRef = 7EACE71C2A18317D00499336 /* SettingsViewController.swift */; };
		7EEF2C8F2A201C7100AA9756 /* Sounds in Resources */ = {isa = PBXBuildFile; fileRef = 7EEF2C8E2A201C7100AA9756 /* Sounds */; };
/* End PBXBuildFile section */

/* Begin PBXFileReference section */
		7E39386C2A1D055C00818DE6 /* SoundViewController.swift */ = {isa = PBXFileReference; lastKnownFileType = sourcecode.swift; path = SoundViewController.swift; sourceTree = "<group>"; };
		7E39386E2A1D0EC100818DE6 /* SoundCell.swift */ = {isa = PBXFileReference; lastKnownFileType = sourcecode.swift; path = SoundCell.swift; sourceTree = "<group>"; };
		7E3938702A1DF61500818DE6 /* AppearanceManager.swift */ = {isa = PBXFileReference; lastKnownFileType = sourcecode.swift; path = AppearanceManager.swift; sourceTree = "<group>"; };
		7E5D27722A1ACF3B00B933B1 /* JumpButton.swift */ = {isa = PBXFileReference; lastKnownFileType = sourcecode.swift; path = JumpButton.swift; sourceTree = "<group>"; };
		7E9B52B72A26AA9E0016367C /* KGRedHands.ttf */ = {isa = PBXFileReference; lastKnownFileType = file; path = KGRedHands.ttf; sourceTree = "<group>"; };
		7EACE7002A1816F000499336 /* Project.app */ = {isa = PBXFileReference; explicitFileType = wrapper.application; includeInIndex = 0; path = Project.app; sourceTree = BUILT_PRODUCTS_DIR; };
		7EACE7032A1816F000499336 /* AppDelegate.swift */ = {isa = PBXFileReference; lastKnownFileType = sourcecode.swift; path = AppDelegate.swift; sourceTree = "<group>"; };
		7EACE7052A1816F000499336 /* SceneDelegate.swift */ = {isa = PBXFileReference; lastKnownFileType = sourcecode.swift; path = SceneDelegate.swift; sourceTree = "<group>"; };
		7EACE7072A1816F000499336 /* MainViewController.swift */ = {isa = PBXFileReference; lastKnownFileType = sourcecode.swift; path = MainViewController.swift; sourceTree = "<group>"; };
		7EACE70A2A1816F000499336 /* Base */ = {isa = PBXFileReference; lastKnownFileType = file.storyboard; name = Base; path = Base.lproj/Main.storyboard; sourceTree = "<group>"; };
		7EACE70C2A1816F300499336 /* Assets.xcassets */ = {isa = PBXFileReference; lastKnownFileType = folder.assetcatalog; path = Assets.xcassets; sourceTree = "<group>"; };
		7EACE70F2A1816F300499336 /* Base */ = {isa = PBXFileReference; lastKnownFileType = file.storyboard; name = Base; path = Base.lproj/LaunchScreen.storyboard; sourceTree = "<group>"; };
		7EACE7112A1816F300499336 /* Info.plist */ = {isa = PBXFileReference; lastKnownFileType = text.plist.xml; path = Info.plist; sourceTree = "<group>"; };
		7EACE71C2A18317D00499336 /* SettingsViewController.swift */ = {isa = PBXFileReference; lastKnownFileType = sourcecode.swift; path = SettingsViewController.swift; sourceTree = "<group>"; };
		7EEF2C8E2A201C7100AA9756 /* Sounds */ = {isa = PBXFileReference; lastKnownFileType = folder; path = Sounds; sourceTree = "<group>"; };
/* End PBXFileReference section */

/* Begin PBXFrameworksBuildPhase section */
		7EACE6FD2A1816F000499336 /* Frameworks */ = {
			isa = PBXFrameworksBuildPhase;
			buildActionMask = 2147483647;
			files = (
			);
			runOnlyForDeploymentPostprocessing = 0;
		};
/* End PBXFrameworksBuildPhase section */

/* Begin PBXGroup section */
		7E5D27712A1ACEE000B933B1 /* ExtraResources */ = {
			isa = PBXGroup;
			children = (
				7E5D27722A1ACF3B00B933B1 /* JumpButton.swift */,
				7E39386E2A1D0EC100818DE6 /* SoundCell.swift */,
				7E3938702A1DF61500818DE6 /* AppearanceManager.swift */,
			);
			path = ExtraResources;
			sourceTree = "<group>";
		};
		7EACE6F72A1816F000499336 = {
			isa = PBXGroup;
			children = (
				7EEF2C8E2A201C7100AA9756 /* Sounds */,
				7EACE7022A1816F000499336 /* Project */,
				7EACE7012A1816F000499336 /* Products */,
			);
			sourceTree = "<group>";
		};
		7EACE7012A1816F000499336 /* Products */ = {
			isa = PBXGroup;
			children = (
				7EACE7002A1816F000499336 /* Project.app */,
			);
			name = Products;
			sourceTree = "<group>";
		};
		7EACE7022A1816F000499336 /* Project */ = {
			isa = PBXGroup;
			children = (
				7E5D27712A1ACEE000B933B1 /* ExtraResources */,
				7EACE71E2A18382800499336 /* Fonts */,
				7EACE7172A1816FD00499336 /* AppDelegate */,
				7EACE7182A18170900499336 /* Controllers */,
				7EACE7192A18171200499336 /* Views */,
				7EACE70C2A1816F300499336 /* Assets.xcassets */,
				7EACE7112A1816F300499336 /* Info.plist */,
			);
			path = Project;
			sourceTree = "<group>";
		};
		7EACE7172A1816FD00499336 /* AppDelegate */ = {
			isa = PBXGroup;
			children = (
				7EACE7032A1816F000499336 /* AppDelegate.swift */,
				7EACE7052A1816F000499336 /* SceneDelegate.swift */,
			);
			path = AppDelegate;
			sourceTree = "<group>";
		};
		7EACE7182A18170900499336 /* Controllers */ = {
			isa = PBXGroup;
			children = (
				7EACE7072A1816F000499336 /* MainViewController.swift */,
				7EACE71C2A18317D00499336 /* SettingsViewController.swift */,
				7E39386C2A1D055C00818DE6 /* SoundViewController.swift */,
			);
			path = Controllers;
			sourceTree = "<group>";
		};
		7EACE7192A18171200499336 /* Views */ = {
			isa = PBXGroup;
			children = (
				7EACE7092A1816F000499336 /* Main.storyboard */,
				7EACE70E2A1816F300499336 /* LaunchScreen.storyboard */,
			);
			path = Views;
			sourceTree = "<group>";
		};
		7EACE71E2A18382800499336 /* Fonts */ = {
			isa = PBXGroup;
			children = (
				7E9B52B72A26AA9E0016367C /* KGRedHands.ttf */,
			);
			path = Fonts;
			sourceTree = "<group>";
		};
/* End PBXGroup section */

/* Begin PBXNativeTarget section */
		7EACE6FF2A1816F000499336 /* Project */ = {
			isa = PBXNativeTarget;
			buildConfigurationList = 7EACE7142A1816F300499336 /* Build configuration list for PBXNativeTarget "Project" */;
			buildPhases = (
				7EACE6FC2A1816F000499336 /* Sources */,
				7EACE6FD2A1816F000499336 /* Frameworks */,
				7EACE6FE2A1816F000499336 /* Resources */,
			);
			buildRules = (
			);
			dependencies = (
			);
			name = Project;
			productName = Project;
			productReference = 7EACE7002A1816F000499336 /* Project.app */;
			productType = "com.apple.product-type.application";
		};
/* End PBXNativeTarget section */

/* Begin PBXProject section */
		7EACE6F82A1816F000499336 /* Project object */ = {
			isa = PBXProject;
			attributes = {
				BuildIndependentTargetsInParallel = 1;
				LastSwiftUpdateCheck = 1420;
				LastUpgradeCheck = 1420;
				TargetAttributes = {
					7EACE6FF2A1816F000499336 = {
						CreatedOnToolsVersion = 14.2;
					};
				};
			};
			buildConfigurationList = 7EACE6FB2A1816F000499336 /* Build configuration list for PBXProject "Project" */;
			compatibilityVersion = "Xcode 14.0";
			developmentRegion = en;
			hasScannedForEncodings = 0;
			knownRegions = (
				en,
				Base,
			);
			mainGroup = 7EACE6F72A1816F000499336;
			productRefGroup = 7EACE7012A1816F000499336 /* Products */;
			projectDirPath = "";
			projectRoot = "";
			targets = (
				7EACE6FF2A1816F000499336 /* Project */,
			);
		};
/* End PBXProject section */

/* Begin PBXResourcesBuildPhase section */
		7EACE6FE2A1816F000499336 /* Resources */ = {
			isa = PBXResourcesBuildPhase;
			buildActionMask = 2147483647;
			files = (
				7EEF2C8F2A201C7100AA9756 /* Sounds in Resources */,
				7E9B52B82A26AA9E0016367C /* KGRedHands.ttf in Resources */,
				7EACE7102A1816F300499336 /* LaunchScreen.storyboard in Resources */,
				7EACE70D2A1816F300499336 /* Assets.xcassets in Resources */,
				7EACE70B2A1816F000499336 /* Main.storyboard in Resources */,
			);
			runOnlyForDeploymentPostprocessing = 0;
		};
/* End PBXResourcesBuildPhase section */

/* Begin PBXSourcesBuildPhase section */
		7EACE6FC2A1816F000499336 /* Sources */ = {
			isa = PBXSourcesBuildPhase;
			buildActionMask = 2147483647;
			files = (
				7EACE7082A1816F000499336 /* MainViewController.swift in Sources */,
				7E39386F2A1D0EC100818DE6 /* SoundCell.swift in Sources */,
				7EACE7042A1816F000499336 /* AppDelegate.swift in Sources */,
				7EACE71D2A18317D00499336 /* SettingsViewController.swift in Sources */,
				7E5D27732A1ACF3B00B933B1 /* JumpButton.swift in Sources */,
				7E3938712A1DF61500818DE6 /* AppearanceManager.swift in Sources */,
				7E39386D2A1D055C00818DE6 /* SoundViewController.swift in Sources */,
				7EACE7062A1816F000499336 /* SceneDelegate.swift in Sources */,
			);
			runOnlyForDeploymentPostprocessing = 0;
		};
/* End PBXSourcesBuildPhase section */

/* Begin PBXVariantGroup section */
		7EACE7092A1816F000499336 /* Main.storyboard */ = {
			isa = PBXVariantGroup;
			children = (
				7EACE70A2A1816F000499336 /* Base */,
			);
			name = Main.storyboard;
			sourceTree = "<group>";
		};
		7EACE70E2A1816F300499336 /* LaunchScreen.storyboard */ = {
			isa = PBXVariantGroup;
			children = (
				7EACE70F2A1816F300499336 /* Base */,
			);
			name = LaunchScreen.storyboard;
			sourceTree = "<group>";
		};
/* End PBXVariantGroup section */

/* Begin XCBuildConfiguration section */
		7EACE7122A1816F300499336 /* Debug */ = {
			isa = XCBuildConfiguration;
			buildSettings = {
				ALWAYS_SEARCH_USER_PATHS = NO;
				CLANG_ANALYZER_NONNULL = YES;
				CLANG_ANALYZER_NUMBER_OBJECT_CONVERSION = YES_AGGRESSIVE;
				CLANG_CXX_LANGUAGE_STANDARD = "gnu++20";
				CLANG_ENABLE_MODULES = YES;
				CLANG_ENABLE_OBJC_ARC = YES;
				CLANG_ENABLE_OBJC_WEAK = YES;
				CLANG_WARN_BLOCK_CAPTURE_AUTORELEASING = YES;
				CLANG_WARN_BOOL_CONVERSION = YES;
				CLANG_WARN_COMMA = YES;
				CLANG_WARN_CONSTANT_CONVERSION = YES;
				CLANG_WARN_DEPRECATED_OBJC_IMPLEMENTATIONS = YES;
				CLANG_WARN_DIRECT_OBJC_ISA_USAGE = YES_ERROR;
				CLANG_WARN_DOCUMENTATION_COMMENTS = YES;
				CLANG_WARN_EMPTY_BODY = YES;
				CLANG_WARN_ENUM_CONVERSION = YES;
				CLANG_WARN_INFINITE_RECURSION = YES;
				CLANG_WARN_INT_CONVERSION = YES;
				CLANG_WARN_NON_LITERAL_NULL_CONVERSION = YES;
				CLANG_WARN_OBJC_IMPLICIT_RETAIN_SELF = YES;
				CLANG_WARN_OBJC_LITERAL_CONVERSION = YES;
				CLANG_WARN_OBJC_ROOT_CLASS = YES_ERROR;
				CLANG_WARN_QUOTED_INCLUDE_IN_FRAMEWORK_HEADER = YES;
				CLANG_WARN_RANGE_LOOP_ANALYSIS = YES;
				CLANG_WARN_STRICT_PROTOTYPES = YES;
				CLANG_WARN_SUSPICIOUS_MOVE = YES;
				CLANG_WARN_UNGUARDED_AVAILABILITY = YES_AGGRESSIVE;
				CLANG_WARN_UNREACHABLE_CODE = YES;
				CLANG_WARN__DUPLICATE_METHOD_MATCH = YES;
				COPY_PHASE_STRIP = NO;
				DEBUG_INFORMATION_FORMAT = dwarf;
				ENABLE_STRICT_OBJC_MSGSEND = YES;
				ENABLE_TESTABILITY = YES;
				GCC_C_LANGUAGE_STANDARD = gnu11;
				GCC_DYNAMIC_NO_PIC = NO;
				GCC_NO_COMMON_BLOCKS = YES;
				GCC_OPTIMIZATION_LEVEL = 0;
				GCC_PREPROCESSOR_DEFINITIONS = (
					"DEBUG=1",
					"$(inherited)",
				);
				GCC_WARN_64_TO_32_BIT_CONVERSION = YES;
				GCC_WARN_ABOUT_RETURN_TYPE = YES_ERROR;
				GCC_WARN_UNDECLARED_SELECTOR = YES;
				GCC_WARN_UNINITIALIZED_AUTOS = YES_AGGRESSIVE;
				GCC_WARN_UNUSED_FUNCTION = YES;
				GCC_WARN_UNUSED_VARIABLE = YES;
				IPHONEOS_DEPLOYMENT_TARGET = 16.2;
				MTL_ENABLE_DEBUG_INFO = INCLUDE_SOURCE;
				MTL_FAST_MATH = YES;
				ONLY_ACTIVE_ARCH = YES;
				SDKROOT = iphoneos;
				SWIFT_ACTIVE_COMPILATION_CONDITIONS = DEBUG;
				SWIFT_OPTIMIZATION_LEVEL = "-Onone";
			};
			name = Debug;
		};
		7EACE7132A1816F300499336 /* Release */ = {
			isa = XCBuildConfiguration;
			buildSettings = {
				ALWAYS_SEARCH_USER_PATHS = NO;
				CLANG_ANALYZER_NONNULL = YES;
				CLANG_ANALYZER_NUMBER_OBJECT_CONVERSION = YES_AGGRESSIVE;
				CLANG_CXX_LANGUAGE_STANDARD = "gnu++20";
				CLANG_ENABLE_MODULES = YES;
				CLANG_ENABLE_OBJC_ARC = YES;
				CLANG_ENABLE_OBJC_WEAK = YES;
				CLANG_WARN_BLOCK_CAPTURE_AUTORELEASING = YES;
				CLANG_WARN_BOOL_CONVERSION = YES;
				CLANG_WARN_COMMA = YES;
				CLANG_WARN_CONSTANT_CONVERSION = YES;
				CLANG_WARN_DEPRECATED_OBJC_IMPLEMENTATIONS = YES;
				CLANG_WARN_DIRECT_OBJC_ISA_USAGE = YES_ERROR;
				CLANG_WARN_DOCUMENTATION_COMMENTS = YES;
				CLANG_WARN_EMPTY_BODY = YES;
				CLANG_WARN_ENUM_CONVERSION = YES;
				CLANG_WARN_INFINITE_RECURSION = YES;
				CLANG_WARN_INT_CONVERSION = YES;
				CLANG_WARN_NON_LITERAL_NULL_CONVERSION = YES;
				CLANG_WARN_OBJC_IMPLICIT_RETAIN_SELF = YES;
				CLANG_WARN_OBJC_LITERAL_CONVERSION = YES;
				CLANG_WARN_OBJC_ROOT_CLASS = YES_ERROR;
				CLANG_WARN_QUOTED_INCLUDE_IN_FRAMEWORK_HEADER = YES;
				CLANG_WARN_RANGE_LOOP_ANALYSIS = YES;
				CLANG_WARN_STRICT_PROTOTYPES = YES;
				CLANG_WARN_SUSPICIOUS_MOVE = YES;
				CLANG_WARN_UNGUARDED_AVAILABILITY = YES_AGGRESSIVE;
				CLANG_WARN_UNREACHABLE_CODE = YES;
				CLANG_WARN__DUPLICATE_METHOD_MATCH = YES;
				COPY_PHASE_STRIP = NO;
				DEBUG_INFORMATION_FORMAT = "dwarf-with-dsym";
				ENABLE_NS_ASSERTIONS = NO;
				ENABLE_STRICT_OBJC_MSGSEND = YES;
				GCC_C_LANGUAGE_STANDARD = gnu11;
				GCC_NO_COMMON_BLOCKS = YES;
				GCC_WARN_64_TO_32_BIT_CONVERSION = YES;
				GCC_WARN_ABOUT_RETURN_TYPE = YES_ERROR;
				GCC_WARN_UNDECLARED_SELECTOR = YES;
				GCC_WARN_UNINITIALIZED_AUTOS = YES_AGGRESSIVE;
				GCC_WARN_UNUSED_FUNCTION = YES;
				GCC_WARN_UNUSED_VARIABLE = YES;
				IPHONEOS_DEPLOYMENT_TARGET = 16.2;
				MTL_ENABLE_DEBUG_INFO = NO;
				MTL_FAST_MATH = YES;
				SDKROOT = iphoneos;
				SWIFT_COMPILATION_MODE = wholemodule;
				SWIFT_OPTIMIZATION_LEVEL = "-O";
				VALIDATE_PRODUCT = YES;
			};
			name = Release;
		};
		7EACE7152A1816F300499336 /* Debug */ = {
			isa = XCBuildConfiguration;
			buildSettings = {
				ASSETCATALOG_COMPILER_APPICON_NAME = AppIcon;
				ASSETCATALOG_COMPILER_GLOBAL_ACCENT_COLOR_NAME = AccentColor;
				CODE_SIGN_STYLE = Automatic;
				CURRENT_PROJECT_VERSION = 1;
				DEVELOPMENT_TEAM = RW4PA4UCU3;
				GENERATE_INFOPLIST_FILE = YES;
				INFOPLIST_FILE = Project/Info.plist;
				INFOPLIST_KEY_UIApplicationSupportsIndirectInputEvents = YES;
				INFOPLIST_KEY_UILaunchStoryboardName = LaunchScreen;
				INFOPLIST_KEY_UIMainStoryboardFile = Main;
				INFOPLIST_KEY_UISupportedInterfaceOrientations_iPad = "UIInterfaceOrientationPortrait UIInterfaceOrientationPortraitUpsideDown UIInterfaceOrientationLandscapeLeft UIInterfaceOrientationLandscapeRight";
				INFOPLIST_KEY_UISupportedInterfaceOrientations_iPhone = "UIInterfaceOrientationPortrait UIInterfaceOrientationLandscapeLeft UIInterfaceOrientationLandscapeRight";
				LD_RUNPATH_SEARCH_PATHS = (
					"$(inherited)",
					"@executable_path/Frameworks",
				);
				MARKETING_VERSION = 1.0;
				PRODUCT_BUNDLE_IDENTIFIER = com.iosbootcamp.Project;
				PRODUCT_NAME = "$(TARGET_NAME)";
				SWIFT_EMIT_LOC_STRINGS = YES;
				SWIFT_VERSION = 5.0;
				TARGETED_DEVICE_FAMILY = "1,2";
			};
			name = Debug;
		};
		7EACE7162A1816F300499336 /* Release */ = {
			isa = XCBuildConfiguration;
			buildSettings = {
				ASSETCATALOG_COMPILER_APPICON_NAME = AppIcon;
				ASSETCATALOG_COMPILER_GLOBAL_ACCENT_COLOR_NAME = AccentColor;
				CODE_SIGN_STYLE = Automatic;
				CURRENT_PROJECT_VERSION = 1;
				DEVELOPMENT_TEAM = RW4PA4UCU3;
				GENERATE_INFOPLIST_FILE = YES;
				INFOPLIST_FILE = Project/Info.plist;
				INFOPLIST_KEY_UIApplicationSupportsIndirectInputEvents = YES;
				INFOPLIST_KEY_UILaunchStoryboardName = LaunchScreen;
				INFOPLIST_KEY_UIMainStoryboardFile = Main;
				INFOPLIST_KEY_UISupportedInterfaceOrientations_iPad = "UIInterfaceOrientationPortrait UIInterfaceOrientationPortraitUpsideDown UIInterfaceOrientationLandscapeLeft UIInterfaceOrientationLandscapeRight";
				INFOPLIST_KEY_UISupportedInterfaceOrientations_iPhone = "UIInterfaceOrientationPortrait UIInterfaceOrientationLandscapeLeft UIInterfaceOrientationLandscapeRight";
				LD_RUNPATH_SEARCH_PATHS = (
					"$(inherited)",
					"@executable_path/Frameworks",
				);
				MARKETING_VERSION = 1.0;
				PRODUCT_BUNDLE_IDENTIFIER = com.iosbootcamp.Project;
				PRODUCT_NAME = "$(TARGET_NAME)";
				SWIFT_EMIT_LOC_STRINGS = YES;
				SWIFT_VERSION = 5.0;
				TARGETED_DEVICE_FAMILY = "1,2";
			};
			name = Release;
		};
/* End XCBuildConfiguration section */

/* Begin XCConfigurationList section */
		7EACE6FB2A1816F000499336 /* Build configuration list for PBXProject "Project" */ = {
			isa = XCConfigurationList;
			buildConfigurations = (
				7EACE7122A1816F300499336 /* Debug */,
				7EACE7132A1816F300499336 /* Release */,
			);
			defaultConfigurationIsVisible = 0;
			defaultConfigurationName = Release;
		};
		7EACE7142A1816F300499336 /* Build configuration list for PBXNativeTarget "Project" */ = {
			isa = XCConfigurationList;
			buildConfigurations = (
				7EACE7152A1816F300499336 /* Debug */,
				7EACE7162A1816F300499336 /* Release */,
			);
			defaultConfigurationIsVisible = 0;
			defaultConfigurationName = Release;
		};
/* End XCConfigurationList section */
	};
	rootObject = 7EACE6F82A1816F000499336 /* Project object */;
}
